{
  "pins" : [
    {
      "identity" : "dvstoryshower",
      "kind" : "remoteSourceControl",
      "location" : "https://github.com/VoraDhruvil/DVStoryShower",
      "state" : {
        "branch" : "master",
        "revision" : "94841c1a5410144ee6c173db3ae97361462db5e7"
      }
    }
  ],
  "version" : 2
}
