{
  "pins" : [
    {
      "identity" : "dvstoryshower",
      "kind" : "remoteSourceControl",
      "location" : "https://github.com/VoraDhruvil/DVStoryShower",
      "state" : {
        "branch" : "master",
        "revision" : "ad9e68b686fdd619f59dbb7db31eef4021a41e11"
      }
    }
  ],
  "version" : 2
}
