{
  "pins" : [
    {
      "identity" : "dvstoryshower",
      "kind" : "remoteSourceControl",
      "location" : "https://github.com/VoraDhruvil/DVStoryShower",
      "state" : {
        "branch" : "master",
        "revision" : "8b3e09597540f28f3f06b2ff487464593acdb1b3"
      }
    }
  ],
  "version" : 2
}
